
Microsoft Visual Studio Solution File, Format Version 12.00
# Visual Studio Version 17
VisualStudioVersion = 17.5.002.0
MinimumVisualStudioVersion = 10.0.40219.1
Project("{2150E333-8FDC-42A3-9474-1A3956D46DE8}") = "RabbitMQ-APP", "RabbitMQ-APP", "{3A3533C7-3A93-46B0-B55F-F79249C01FA7}"
EndProject
Project("{9A19103F-16F7-4668-BE54-9A1E7A4F7556}") = "Producer", "RabbitMQ-APP\Producer\Producer.csproj", "{BFCE161A-50DC-43F3-952B-94C6A0ECF544}"
EndProject
Global
	GlobalSection(SolutionConfigurationPlatforms) = preSolution
		Debug|Any CPU = Debug|Any CPU
		Release|Any CPU = Release|Any CPU
	EndGlobalSection
	GlobalSection(ProjectConfigurationPlatforms) = postSolution
		{BFCE161A-50DC-43F3-952B-94C6A0ECF544}.Debug|Any CPU.ActiveCfg = Debug|Any CPU
		{BFCE161A-50DC-43F3-952B-94C6A0ECF544}.Debug|Any CPU.Build.0 = Debug|Any CPU
		{BFCE161A-50DC-43F3-952B-94C6A0ECF544}.Release|Any CPU.ActiveCfg = Release|Any CPU
		{BFCE161A-50DC-43F3-952B-94C6A0ECF544}.Release|Any CPU.Build.0 = Release|Any CPU
	EndGlobalSection
	GlobalSection(SolutionProperties) = preSolution
		HideSolutionNode = FALSE
	EndGlobalSection
	GlobalSection(NestedProjects) = preSolution
		{BFCE161A-50DC-43F3-952B-94C6A0ECF544} = {3A3533C7-3A93-46B0-B55F-F79249C01FA7}
	EndGlobalSection
	GlobalSection(ExtensibilityGlobals) = postSolution
		SolutionGuid = {AF2F26C5-4CB4-4A8C-8287-2CD740FE726D}
	EndGlobalSection
EndGlobal
